
Microsoft Visual Studio Solution File, Format Version 12.00
# Visual Studio 15
VisualStudioVersion = 15.0.28307.106
MinimumVisualStudioVersion = 10.0.40219.1
Project("{FAE04EC0-301F-11D3-BF4B-00C04F79EFBC}") = "Kiosk_App", "Kiosk_App\Kiosk_App.csproj", "{31E686B0-AE7B-4F12-84D3-BB07630C3C32}"
EndProject
Global
	GlobalSection(SolutionConfigurationPlatforms) = preSolution
		Debug|Any CPU = Debug|Any CPU
		Release|Any CPU = Release|Any CPU
	EndGlobalSection
	GlobalSection(ProjectConfigurationPlatforms) = postSolution
		{31E686B0-AE7B-4F12-84D3-BB07630C3C32}.Debug|Any CPU.ActiveCfg = Debug|Any CPU
		{31E686B0-AE7B-4F12-84D3-BB07630C3C32}.Debug|Any CPU.Build.0 = Debug|Any CPU
		{31E686B0-AE7B-4F12-84D3-BB07630C3C32}.Release|Any CPU.ActiveCfg = Release|Any CPU
		{31E686B0-AE7B-4F12-84D3-BB07630C3C32}.Release|Any CPU.Build.0 = Release|Any CPU
	EndGlobalSection
	GlobalSection(SolutionProperties) = preSolution
		HideSolutionNode = FALSE
	EndGlobalSection
	GlobalSection(ExtensibilityGlobals) = postSolution
		SolutionGuid = {496F8E05-87A9-4D3A-9CDB-42BFE121DB99}
	EndGlobalSection
EndGlobal
